
Microsoft Visual Studio Solution File, Format Version 12.00
# Visual Studio Version 17
VisualStudioVersion = 17.0.31919.166
MinimumVisualStudioVersion = 10.0.40219.1
Project("{9A19103F-16F7-4668-BE54-9A1E7A4F7556}") = "AoC2021", "src\AoC2021.csproj", "{7FCF890C-A03B-4F53-89B2-DBFB6CD190F6}"
EndProject
Global
	GlobalSection(SolutionConfigurationPlatforms) = preSolution
		Debug|Any CPU = Debug|Any CPU
		Release|Any CPU = Release|Any CPU
	EndGlobalSection
	GlobalSection(ProjectConfigurationPlatforms) = postSolution
		{7FCF890C-A03B-4F53-89B2-DBFB6CD190F6}.Debug|Any CPU.ActiveCfg = Debug|Any CPU
		{7FCF890C-A03B-4F53-89B2-DBFB6CD190F6}.Debug|Any CPU.Build.0 = Debug|Any CPU
		{7FCF890C-A03B-4F53-89B2-DBFB6CD190F6}.Release|Any CPU.ActiveCfg = Release|Any CPU
		{7FCF890C-A03B-4F53-89B2-DBFB6CD190F6}.Release|Any CPU.Build.0 = Release|Any CPU
	EndGlobalSection
	GlobalSection(SolutionProperties) = preSolution
		HideSolutionNode = FALSE
	EndGlobalSection
	GlobalSection(ExtensibilityGlobals) = postSolution
		SolutionGuid = {430DB61E-01F6-437E-BDA2-AD070B19D522}
	EndGlobalSection
EndGlobal
